
Microsoft Visual Studio Solution File, Format Version 12.00
# Visual Studio Version 17
VisualStudioVersion = 17.5.002.0
MinimumVisualStudioVersion = 10.0.40219.1
Project("{9A19103F-16F7-4668-BE54-9A1E7A4F7556}") = "P2_2_Figuras", "P2_2_Figuras.csproj", "{028CF425-5FA7-473A-9183-7D578F348B93}"
EndProject
Global
	GlobalSection(SolutionConfigurationPlatforms) = preSolution
		Debug|Any CPU = Debug|Any CPU
		Release|Any CPU = Release|Any CPU
	EndGlobalSection
	GlobalSection(ProjectConfigurationPlatforms) = postSolution
		{028CF425-5FA7-473A-9183-7D578F348B93}.Debug|Any CPU.ActiveCfg = Debug|Any CPU
		{028CF425-5FA7-473A-9183-7D578F348B93}.Debug|Any CPU.Build.0 = Debug|Any CPU
		{028CF425-5FA7-473A-9183-7D578F348B93}.Release|Any CPU.ActiveCfg = Release|Any CPU
		{028CF425-5FA7-473A-9183-7D578F348B93}.Release|Any CPU.Build.0 = Release|Any CPU
	EndGlobalSection
	GlobalSection(SolutionProperties) = preSolution
		HideSolutionNode = FALSE
	EndGlobalSection
	GlobalSection(ExtensibilityGlobals) = postSolution
		SolutionGuid = {3E7118CF-8F89-479F-BDE1-8A333E33644B}
	EndGlobalSection
EndGlobal
